
Microsoft Visual Studio Solution File, Format Version 12.00
# Visual Studio 15
Project("{FAE04EC0-301F-11D3-BF4B-00C04F79EFBC}") = "Assembly-CSharp", "Assembly-CSharp.csproj", "{D764DA9B-2881-24DC-3C48-744FD23FB6BF}"
EndProject
Project("{FAE04EC0-301F-11D3-BF4B-00C04F79EFBC}") = "Assembly-CSharp-Editor", "Assembly-CSharp-Editor.csproj", "{1542FFBA-BD3E-9A59-A29F-D386447F92A0}"
EndProject
Global
	GlobalSection(SolutionConfigurationPlatforms) = preSolution
		Debug|Any CPU = Debug|Any CPU
		Release|Any CPU = Release|Any CPU
	EndGlobalSection
	GlobalSection(ProjectConfigurationPlatforms) = postSolution
		{D764DA9B-2881-24DC-3C48-744FD23FB6BF}.Debug|Any CPU.ActiveCfg = Debug|Any CPU
		{D764DA9B-2881-24DC-3C48-744FD23FB6BF}.Debug|Any CPU.Build.0 = Debug|Any CPU
		{D764DA9B-2881-24DC-3C48-744FD23FB6BF}.Release|Any CPU.ActiveCfg = Release|Any CPU
		{D764DA9B-2881-24DC-3C48-744FD23FB6BF}.Release|Any CPU.Build.0 = Release|Any CPU
		{1542FFBA-BD3E-9A59-A29F-D386447F92A0}.Debug|Any CPU.ActiveCfg = Debug|Any CPU
		{1542FFBA-BD3E-9A59-A29F-D386447F92A0}.Debug|Any CPU.Build.0 = Debug|Any CPU
		{1542FFBA-BD3E-9A59-A29F-D386447F92A0}.Release|Any CPU.ActiveCfg = Release|Any CPU
		{1542FFBA-BD3E-9A59-A29F-D386447F92A0}.Release|Any CPU.Build.0 = Release|Any CPU
	EndGlobalSection
	GlobalSection(SolutionProperties) = preSolution
		HideSolutionNode = FALSE
	EndGlobalSection
EndGlobal
